
Microsoft Visual Studio Solution File, Format Version 12.00
# Visual Studio Version 16
VisualStudioVersion = 16.0.32126.315
MinimumVisualStudioVersion = 10.0.40219.1
Project("{FAE04EC0-301F-11D3-BF4B-00C04F79EFBC}") = "HW_5", "HW_5.csproj", "{9FC876A6-B577-4D0D-86EE-76AA6BC54E47}"
EndProject
Global
	GlobalSection(SolutionConfigurationPlatforms) = preSolution
		Debug|Any CPU = Debug|Any CPU
		Release|Any CPU = Release|Any CPU
	EndGlobalSection
	GlobalSection(ProjectConfigurationPlatforms) = postSolution
		{9FC876A6-B577-4D0D-86EE-76AA6BC54E47}.Debug|Any CPU.ActiveCfg = Debug|Any CPU
		{9FC876A6-B577-4D0D-86EE-76AA6BC54E47}.Debug|Any CPU.Build.0 = Debug|Any CPU
		{9FC876A6-B577-4D0D-86EE-76AA6BC54E47}.Release|Any CPU.ActiveCfg = Release|Any CPU
		{9FC876A6-B577-4D0D-86EE-76AA6BC54E47}.Release|Any CPU.Build.0 = Release|Any CPU
	EndGlobalSection
	GlobalSection(SolutionProperties) = preSolution
		HideSolutionNode = FALSE
	EndGlobalSection
	GlobalSection(ExtensibilityGlobals) = postSolution
		SolutionGuid = {535ACD16-508E-45B9-80DC-78E59F4434C4}
	EndGlobalSection
EndGlobal
